
Microsoft Visual Studio Solution File, Format Version 12.00
# Visual Studio Version 17
VisualStudioVersion = 17.1.32407.343
MinimumVisualStudioVersion = 10.0.40219.1
Project("{FAE04EC0-301F-11D3-BF4B-00C04F79EFBC}") = "StringComparator", "StringComparator\StringComparator.csproj", "{AB9881A1-A658-4F72-A809-BCD1A1350956}"
EndProject
Global
	GlobalSection(SolutionConfigurationPlatforms) = preSolution
		Debug|Any CPU = Debug|Any CPU
		Release|Any CPU = Release|Any CPU
	EndGlobalSection
	GlobalSection(ProjectConfigurationPlatforms) = postSolution
		{AB9881A1-A658-4F72-A809-BCD1A1350956}.Debug|Any CPU.ActiveCfg = Debug|Any CPU
		{AB9881A1-A658-4F72-A809-BCD1A1350956}.Debug|Any CPU.Build.0 = Debug|Any CPU
		{AB9881A1-A658-4F72-A809-BCD1A1350956}.Release|Any CPU.ActiveCfg = Release|Any CPU
		{AB9881A1-A658-4F72-A809-BCD1A1350956}.Release|Any CPU.Build.0 = Release|Any CPU
	EndGlobalSection
	GlobalSection(SolutionProperties) = preSolution
		HideSolutionNode = FALSE
	EndGlobalSection
	GlobalSection(ExtensibilityGlobals) = postSolution
		SolutionGuid = {358433B9-05EA-4EF7-B99E-C23B1B8E4090}
	EndGlobalSection
EndGlobal
